// !$*UTF8*$!
{
	archiveVersion = 1;
	classes = {
	};
	objectVersion = 46;
	objects = {

/* Begin PBXBuildFile section */
		1B86534A1A24FD9A00F7036D /* MDPhotoNSSecureCoding.m in Sources */ = {isa = PBXBuildFile; fileRef = 1B8653491A24FD9A00F7036D /* MDPhotoNSSecureCoding.m */; };
		1B86534D1A24FDBF00F7036D /* MDMutablePhotoNSSecureCoding.m in Sources */ = {isa = PBXBuildFile; fileRef = 1B86534C1A24FDBF00F7036D /* MDMutablePhotoNSSecureCoding.m */; };
		1B8653501A24FFBE00F7036D /* MDPhotoNSSecureCodingTests.m in Sources */ = {isa = PBXBuildFile; fileRef = 1B86534F1A24FFBE00F7036D /* MDPhotoNSSecureCodingTests.m */; };
		1B8653521A25018800F7036D /* MDMutablePhotoNSSecureCodingTests.m in Sources */ = {isa = PBXBuildFile; fileRef = 1B8653511A25018800F7036D /* MDMutablePhotoNSSecureCodingTests.m */; };
		1BC62E1D1A23E0640032D29C /* ModelObjectDemo.h in CopyFiles */ = {isa = PBXBuildFile; fileRef = 1BC62E1C1A23E0640032D29C /* ModelObjectDemo.h */; };
		1BC62E251A23E0640032D29C /* libModelObjectDemo.a in Frameworks */ = {isa = PBXBuildFile; fileRef = 1BC62E191A23E0640032D29C /* libModelObjectDemo.a */; };
		1BC62E351A23E07E0032D29C /* MDPhotoNaive.m in Sources */ = {isa = PBXBuildFile; fileRef = 1BC62E341A23E07E0032D29C /* MDPhotoNaive.m */; };
		1BC62E381A23E0E00032D29C /* MDPhotoWithBadCopy.m in Sources */ = {isa = PBXBuildFile; fileRef = 1BC62E371A23E0E00032D29C /* MDPhotoWithBadCopy.m */; };
		1BC62E3A1A23E1290032D29C /* MDPhotoBadCopyTests.m in Sources */ = {isa = PBXBuildFile; fileRef = 1BC62E391A23E1290032D29C /* MDPhotoBadCopyTests.m */; };
		1BC62E3C1A23E1F60032D29C /* MDPhotoNaiveTests.m in Sources */ = {isa = PBXBuildFile; fileRef = 1BC62E3B1A23E1F60032D29C /* MDPhotoNaiveTests.m */; };
		1BC62E3F1A23E28D0032D29C /* MDPhotoWithGoodCopy.m in Sources */ = {isa = PBXBuildFile; fileRef = 1BC62E3E1A23E28D0032D29C /* MDPhotoWithGoodCopy.m */; };
		1BC62E411A23E2D00032D29C /* MDPhotoWithGoodCopyTests.m in Sources */ = {isa = PBXBuildFile; fileRef = 1BC62E401A23E2D00032D29C /* MDPhotoWithGoodCopyTests.m */; };
		1BC62E441A23E35D0032D29C /* MDPhotoPrivateMutability.m in Sources */ = {isa = PBXBuildFile; fileRef = 1BC62E431A23E35D0032D29C /* MDPhotoPrivateMutability.m */; };
		1BC62E4A1A23E45C0032D29C /* MDPhotoPrivateMutabilityTests.m in Sources */ = {isa = PBXBuildFile; fileRef = 1BC62E491A23E45C0032D29C /* MDPhotoPrivateMutabilityTests.m */; };
		1BC62E4D1A23E66C0032D29C /* MDPhotoPublicMutability.m in Sources */ = {isa = PBXBuildFile; fileRef = 1BC62E4C1A23E66C0032D29C /* MDPhotoPublicMutability.m */; };
		1BC62E501A23E6DD0032D29C /* MDPhotoPublicMutabilityTests.m in Sources */ = {isa = PBXBuildFile; fileRef = 1BC62E4F1A23E6DD0032D29C /* MDPhotoPublicMutabilityTests.m */; };
		1BC62E541A23ED740032D29C /* MDPhotoNSCopying.m in Sources */ = {isa = PBXBuildFile; fileRef = 1BC62E531A23ED740032D29C /* MDPhotoNSCopying.m */; };
		1BC62E571A23ED920032D29C /* MDMutablePhotoNSMutableCopying.m in Sources */ = {isa = PBXBuildFile; fileRef = 1BC62E561A23ED920032D29C /* MDMutablePhotoNSMutableCopying.m */; };
		1BC62E5A1A242FEA0032D29C /* MDPhotoNSCopyingTests.m in Sources */ = {isa = PBXBuildFile; fileRef = 1BC62E591A242FEA0032D29C /* MDPhotoNSCopyingTests.m */; };
		1BC62E5C1A2430180032D29C /* MDMutablePhotoNSCopyingTests.m in Sources */ = {isa = PBXBuildFile; fileRef = 1BC62E5B1A2430180032D29C /* MDMutablePhotoNSCopyingTests.m */; };
/* End PBXBuildFile section */

/* Begin PBXContainerItemProxy section */
		1BC62E261A23E0640032D29C /* PBXContainerItemProxy */ = {
			isa = PBXContainerItemProxy;
			containerPortal = 1BC62E111A23E0640032D29C /* Project object */;
			proxyType = 1;
			remoteGlobalIDString = 1BC62E181A23E0640032D29C;
			remoteInfo = MutabilityDemo;
		};
/* End PBXContainerItemProxy section */

/* Begin PBXCopyFilesBuildPhase section */
		1BC62E171A23E0640032D29C /* CopyFiles */ = {
			isa = PBXCopyFilesBuildPhase;
			buildActionMask = 2147483647;
			dstPath = "include/$(PRODUCT_NAME)";
			dstSubfolderSpec = 16;
			files = (
				1BC62E1D1A23E0640032D29C /* ModelObjectDemo.h in CopyFiles */,
			);
			runOnlyForDeploymentPostprocessing = 0;
		};
/* End PBXCopyFilesBuildPhase section */

/* Begin PBXFileReference section */
		1B8653481A24FD9A00F7036D /* MDPhotoNSSecureCoding.h */ = {isa = PBXFileReference; fileEncoding = 4; lastKnownFileType = sourcecode.c.h; path = MDPhotoNSSecureCoding.h; sourceTree = "<group>"; };
		1B8653491A24FD9A00F7036D /* MDPhotoNSSecureCoding.m */ = {isa = PBXFileReference; fileEncoding = 4; lastKnownFileType = sourcecode.c.objc; path = MDPhotoNSSecureCoding.m; sourceTree = "<group>"; };
		1B86534B1A24FDBF00F7036D /* MDMutablePhotoNSSecureCoding.h */ = {isa = PBXFileReference; fileEncoding = 4; lastKnownFileType = sourcecode.c.h; path = MDMutablePhotoNSSecureCoding.h; sourceTree = "<group>"; };
		1B86534C1A24FDBF00F7036D /* MDMutablePhotoNSSecureCoding.m */ = {isa = PBXFileReference; fileEncoding = 4; lastKnownFileType = sourcecode.c.objc; path = MDMutablePhotoNSSecureCoding.m; sourceTree = "<group>"; };
		1B86534F1A24FFBE00F7036D /* MDPhotoNSSecureCodingTests.m */ = {isa = PBXFileReference; fileEncoding = 4; lastKnownFileType = sourcecode.c.objc; path = MDPhotoNSSecureCodingTests.m; sourceTree = "<group>"; };
		1B8653511A25018800F7036D /* MDMutablePhotoNSSecureCodingTests.m */ = {isa = PBXFileReference; fileEncoding = 4; lastKnownFileType = sourcecode.c.objc; path = MDMutablePhotoNSSecureCodingTests.m; sourceTree = "<group>"; };
		1BC62E191A23E0640032D29C /* libModelObjectDemo.a */ = {isa = PBXFileReference; explicitFileType = archive.ar; includeInIndex = 0; path = libModelObjectDemo.a; sourceTree = BUILT_PRODUCTS_DIR; };
		1BC62E1C1A23E0640032D29C /* ModelObjectDemo.h */ = {isa = PBXFileReference; lastKnownFileType = sourcecode.c.h; path = ModelObjectDemo.h; sourceTree = "<group>"; };
		1BC62E241A23E0640032D29C /* ModelObjectDemoTests.xctest */ = {isa = PBXFileReference; explicitFileType = wrapper.cfbundle; includeInIndex = 0; path = ModelObjectDemoTests.xctest; sourceTree = BUILT_PRODUCTS_DIR; };
		1BC62E2A1A23E0640032D29C /* Info.plist */ = {isa = PBXFileReference; lastKnownFileType = text.plist.xml; path = Info.plist; sourceTree = "<group>"; };
		1BC62E331A23E07E0032D29C /* MDPhotoNaive.h */ = {isa = PBXFileReference; fileEncoding = 4; lastKnownFileType = sourcecode.c.h; path = MDPhotoNaive.h; sourceTree = "<group>"; };
		1BC62E341A23E07E0032D29C /* MDPhotoNaive.m */ = {isa = PBXFileReference; fileEncoding = 4; lastKnownFileType = sourcecode.c.objc; path = MDPhotoNaive.m; sourceTree = "<group>"; };
		1BC62E361A23E0E00032D29C /* MDPhotoWithBadCopy.h */ = {isa = PBXFileReference; fileEncoding = 4; lastKnownFileType = sourcecode.c.h; path = MDPhotoWithBadCopy.h; sourceTree = "<group>"; };
		1BC62E371A23E0E00032D29C /* MDPhotoWithBadCopy.m */ = {isa = PBXFileReference; fileEncoding = 4; lastKnownFileType = sourcecode.c.objc; path = MDPhotoWithBadCopy.m; sourceTree = "<group>"; };
		1BC62E391A23E1290032D29C /* MDPhotoBadCopyTests.m */ = {isa = PBXFileReference; fileEncoding = 4; lastKnownFileType = sourcecode.c.objc; path = MDPhotoBadCopyTests.m; sourceTree = "<group>"; };
		1BC62E3B1A23E1F60032D29C /* MDPhotoNaiveTests.m */ = {isa = PBXFileReference; fileEncoding = 4; lastKnownFileType = sourcecode.c.objc; path = MDPhotoNaiveTests.m; sourceTree = "<group>"; };
		1BC62E3D1A23E28D0032D29C /* MDPhotoWithGoodCopy.h */ = {isa = PBXFileReference; fileEncoding = 4; lastKnownFileType = sourcecode.c.h; path = MDPhotoWithGoodCopy.h; sourceTree = "<group>"; };
		1BC62E3E1A23E28D0032D29C /* MDPhotoWithGoodCopy.m */ = {isa = PBXFileReference; fileEncoding = 4; lastKnownFileType = sourcecode.c.objc; path = MDPhotoWithGoodCopy.m; sourceTree = "<group>"; };
		1BC62E401A23E2D00032D29C /* MDPhotoWithGoodCopyTests.m */ = {isa = PBXFileReference; fileEncoding = 4; lastKnownFileType = sourcecode.c.objc; path = MDPhotoWithGoodCopyTests.m; sourceTree = "<group>"; };
		1BC62E421A23E35D0032D29C /* MDPhotoPrivateMutability.h */ = {isa = PBXFileReference; fileEncoding = 4; lastKnownFileType = sourcecode.c.h; path = MDPhotoPrivateMutability.h; sourceTree = "<group>"; };
		1BC62E431A23E35D0032D29C /* MDPhotoPrivateMutability.m */ = {isa = PBXFileReference; fileEncoding = 4; lastKnownFileType = sourcecode.c.objc; path = MDPhotoPrivateMutability.m; sourceTree = "<group>"; };
		1BC62E491A23E45C0032D29C /* MDPhotoPrivateMutabilityTests.m */ = {isa = PBXFileReference; fileEncoding = 4; lastKnownFileType = sourcecode.c.objc; path = MDPhotoPrivateMutabilityTests.m; sourceTree = "<group>"; };
		1BC62E4B1A23E66C0032D29C /* MDPhotoPublicMutability.h */ = {isa = PBXFileReference; fileEncoding = 4; lastKnownFileType = sourcecode.c.h; name = MDPhotoPublicMutability.h; path = MutabilityDemo/MDPhotoPublicMutability.h; sourceTree = "<group>"; };
		1BC62E4C1A23E66C0032D29C /* MDPhotoPublicMutability.m */ = {isa = PBXFileReference; fileEncoding = 4; lastKnownFileType = sourcecode.c.objc; name = MDPhotoPublicMutability.m; path = MutabilityDemo/MDPhotoPublicMutability.m; sourceTree = "<group>"; };
		1BC62E4F1A23E6DD0032D29C /* MDPhotoPublicMutabilityTests.m */ = {isa = PBXFileReference; fileEncoding = 4; lastKnownFileType = sourcecode.c.objc; path = MDPhotoPublicMutabilityTests.m; sourceTree = "<group>"; };
		1BC62E521A23ED740032D29C /* MDPhotoNSCopying.h */ = {isa = PBXFileReference; fileEncoding = 4; lastKnownFileType = sourcecode.c.h; path = MDPhotoNSCopying.h; sourceTree = "<group>"; };
		1BC62E531A23ED740032D29C /* MDPhotoNSCopying.m */ = {isa = PBXFileReference; fileEncoding = 4; lastKnownFileType = sourcecode.c.objc; path = MDPhotoNSCopying.m; sourceTree = "<group>"; };
		1BC62E551A23ED920032D29C /* MDMutablePhotoNSMutableCopying.h */ = {isa = PBXFileReference; fileEncoding = 4; lastKnownFileType = sourcecode.c.h; path = MDMutablePhotoNSMutableCopying.h; sourceTree = "<group>"; };
		1BC62E561A23ED920032D29C /* MDMutablePhotoNSMutableCopying.m */ = {isa = PBXFileReference; fileEncoding = 4; lastKnownFileType = sourcecode.c.objc; path = MDMutablePhotoNSMutableCopying.m; sourceTree = "<group>"; };
		1BC62E591A242FEA0032D29C /* MDPhotoNSCopyingTests.m */ = {isa = PBXFileReference; fileEncoding = 4; lastKnownFileType = sourcecode.c.objc; path = MDPhotoNSCopyingTests.m; sourceTree = "<group>"; };
		1BC62E5B1A2430180032D29C /* MDMutablePhotoNSCopyingTests.m */ = {isa = PBXFileReference; fileEncoding = 4; lastKnownFileType = sourcecode.c.objc; path = MDMutablePhotoNSCopyingTests.m; sourceTree = "<group>"; };
/* End PBXFileReference section */

/* Begin PBXFrameworksBuildPhase section */
		1BC62E161A23E0640032D29C /* Frameworks */ = {
			isa = PBXFrameworksBuildPhase;
			buildActionMask = 2147483647;
			files = (
			);
			runOnlyForDeploymentPostprocessing = 0;
		};
		1BC62E211A23E0640032D29C /* Frameworks */ = {
			isa = PBXFrameworksBuildPhase;
			buildActionMask = 2147483647;
			files = (
				1BC62E251A23E0640032D29C /* libModelObjectDemo.a in Frameworks */,
			);
			runOnlyForDeploymentPostprocessing = 0;
		};
/* End PBXFrameworksBuildPhase section */

/* Begin PBXGroup section */
		1B86534E1A24FDC400F7036D /* NSSecureCoding */ = {
			isa = PBXGroup;
			children = (
				1B8653481A24FD9A00F7036D /* MDPhotoNSSecureCoding.h */,
				1B8653491A24FD9A00F7036D /* MDPhotoNSSecureCoding.m */,
				1B86534B1A24FDBF00F7036D /* MDMutablePhotoNSSecureCoding.h */,
				1B86534C1A24FDBF00F7036D /* MDMutablePhotoNSSecureCoding.m */,
			);
			name = NSSecureCoding;
			sourceTree = "<group>";
		};
		1B8653531A25039500F7036D /* NSSecureCoding */ = {
			isa = PBXGroup;
			children = (
				1B8653511A25018800F7036D /* MDMutablePhotoNSSecureCodingTests.m */,
				1B86534F1A24FFBE00F7036D /* MDPhotoNSSecureCodingTests.m */,
			);
			name = NSSecureCoding;
			sourceTree = "<group>";
		};
		1B8653541A25039E00F7036D /* NSCopying */ = {
			isa = PBXGroup;
			children = (
				1BC62E5B1A2430180032D29C /* MDMutablePhotoNSCopyingTests.m */,
				1BC62E591A242FEA0032D29C /* MDPhotoNSCopyingTests.m */,
			);
			name = NSCopying;
			sourceTree = "<group>";
		};
		1B8653551A2503A500F7036D /* Naive Implementation */ = {
			isa = PBXGroup;
			children = (
				1BC62E3B1A23E1F60032D29C /* MDPhotoNaiveTests.m */,
			);
			name = "Naive Implementation";
			sourceTree = "<group>";
		};
		1B8653561A2503B200F7036D /* Incorrect Copy Implementation */ = {
			isa = PBXGroup;
			children = (
				1BC62E391A23E1290032D29C /* MDPhotoBadCopyTests.m */,
			);
			name = "Incorrect Copy Implementation";
			sourceTree = "<group>";
		};
		1B8653571A2503BE00F7036D /* Correct Copy Implementation */ = {
			isa = PBXGroup;
			children = (
				1BC62E401A23E2D00032D29C /* MDPhotoWithGoodCopyTests.m */,
			);
			name = "Correct Copy Implementation";
			sourceTree = "<group>";
		};
		1B8653581A2503C900F7036D /* Private Mutability Implementation */ = {
			isa = PBXGroup;
			children = (
				1BC62E491A23E45C0032D29C /* MDPhotoPrivateMutabilityTests.m */,
			);
			name = "Private Mutability Implementation";
			sourceTree = "<group>";
		};
		1B8653591A2503D900F7036D /* Public Mutability Implementation */ = {
			isa = PBXGroup;
			children = (
				1BC62E4F1A23E6DD0032D29C /* MDPhotoPublicMutabilityTests.m */,
			);
			name = "Public Mutability Implementation";
			sourceTree = "<group>";
		};
		1B86535A1A25045800F7036D /* Declaring Properties */ = {
			isa = PBXGroup;
			children = (
				1B8653551A2503A500F7036D /* Naive Implementation */,
				1B8653561A2503B200F7036D /* Incorrect Copy Implementation */,
				1B8653571A2503BE00F7036D /* Correct Copy Implementation */,
				1B8653581A2503C900F7036D /* Private Mutability Implementation */,
				1B8653591A2503D900F7036D /* Public Mutability Implementation */,
			);
			name = "Declaring Properties";
			sourceTree = "<group>";
		};
		1BC62E101A23E0640032D29C = {
			isa = PBXGroup;
			children = (
				1BC62E1B1A23E0640032D29C /* ModelObjectDemo */,
				1BC62E281A23E0640032D29C /* ModelObjectDemoTests */,
				1BC62E1A1A23E0640032D29C /* Products */,
			);
			sourceTree = "<group>";
		};
		1BC62E1A1A23E0640032D29C /* Products */ = {
			isa = PBXGroup;
			children = (
				1BC62E191A23E0640032D29C /* libModelObjectDemo.a */,
				1BC62E241A23E0640032D29C /* ModelObjectDemoTests.xctest */,
			);
			name = Products;
			sourceTree = "<group>";
		};
		1BC62E1B1A23E0640032D29C /* ModelObjectDemo */ = {
			isa = PBXGroup;
			children = (
				1BC62E1C1A23E0640032D29C /* ModelObjectDemo.h */,
				1BC62E511A23EC410032D29C /* Declaring Properties */,
				1BC62E581A23F06C0032D29C /* NSCopying */,
				1B86534E1A24FDC400F7036D /* NSSecureCoding */,
			);
			name = ModelObjectDemo;
			path = MutabilityDemo;
			sourceTree = "<group>";
		};
		1BC62E281A23E0640032D29C /* ModelObjectDemoTests */ = {
			isa = PBXGroup;
			children = (
				1B86535A1A25045800F7036D /* Declaring Properties */,
				1B8653541A25039E00F7036D /* NSCopying */,
				1B8653531A25039500F7036D /* NSSecureCoding */,
				1BC62E291A23E0640032D29C /* Supporting Files */,
			);
			name = ModelObjectDemoTests;
			path = MutabilityDemoTests;
			sourceTree = "<group>";
		};
		1BC62E291A23E0640032D29C /* Supporting Files */ = {
			isa = PBXGroup;
			children = (
				1BC62E2A1A23E0640032D29C /* Info.plist */,
			);
			name = "Supporting Files";
			sourceTree = "<group>";
		};
		1BC62E451A23E3CD0032D29C /* Naive Implementation */ = {
			isa = PBXGroup;
			children = (
				1BC62E331A23E07E0032D29C /* MDPhotoNaive.h */,
				1BC62E341A23E07E0032D29C /* MDPhotoNaive.m */,
			);
			name = "Naive Implementation";
			sourceTree = "<group>";
		};
		1BC62E461A23E3DC0032D29C /* Incorrect Copy Implementation */ = {
			isa = PBXGroup;
			children = (
				1BC62E361A23E0E00032D29C /* MDPhotoWithBadCopy.h */,
				1BC62E371A23E0E00032D29C /* MDPhotoWithBadCopy.m */,
			);
			name = "Incorrect Copy Implementation";
			sourceTree = "<group>";
		};
		1BC62E471A23E3E90032D29C /* Correct Copy Implementation */ = {
			isa = PBXGroup;
			children = (
				1BC62E3D1A23E28D0032D29C /* MDPhotoWithGoodCopy.h */,
				1BC62E3E1A23E28D0032D29C /* MDPhotoWithGoodCopy.m */,
			);
			name = "Correct Copy Implementation";
			sourceTree = "<group>";
		};
		1BC62E481A23E3FA0032D29C /* Private Mutability Implementation */ = {
			isa = PBXGroup;
			children = (
				1BC62E421A23E35D0032D29C /* MDPhotoPrivateMutability.h */,
				1BC62E431A23E35D0032D29C /* MDPhotoPrivateMutability.m */,
			);
			name = "Private Mutability Implementation";
			sourceTree = "<group>";
		};
		1BC62E4E1A23E6730032D29C /* Public Mutability Implementation */ = {
			isa = PBXGroup;
			children = (
				1BC62E4B1A23E66C0032D29C /* MDPhotoPublicMutability.h */,
				1BC62E4C1A23E66C0032D29C /* MDPhotoPublicMutability.m */,
			);
			name = "Public Mutability Implementation";
			path = ..;
			sourceTree = "<group>";
		};
		1BC62E511A23EC410032D29C /* Declaring Properties */ = {
			isa = PBXGroup;
			children = (
				1BC62E451A23E3CD0032D29C /* Naive Implementation */,
				1BC62E461A23E3DC0032D29C /* Incorrect Copy Implementation */,
				1BC62E471A23E3E90032D29C /* Correct Copy Implementation */,
				1BC62E481A23E3FA0032D29C /* Private Mutability Implementation */,
				1BC62E4E1A23E6730032D29C /* Public Mutability Implementation */,
			);
			name = "Declaring Properties";
			sourceTree = "<group>";
		};
		1BC62E581A23F06C0032D29C /* NSCopying */ = {
			isa = PBXGroup;
			children = (
				1BC62E521A23ED740032D29C /* MDPhotoNSCopying.h */,
				1BC62E531A23ED740032D29C /* MDPhotoNSCopying.m */,
				1BC62E551A23ED920032D29C /* MDMutablePhotoNSMutableCopying.h */,
				1BC62E561A23ED920032D29C /* MDMutablePhotoNSMutableCopying.m */,
			);
			name = NSCopying;
			sourceTree = "<group>";
		};
/* End PBXGroup section */

/* Begin PBXNativeTarget section */
		1BC62E181A23E0640032D29C /* ModelObjectDemo */ = {
			isa = PBXNativeTarget;
			buildConfigurationList = 1BC62E2D1A23E0640032D29C /* Build configuration list for PBXNativeTarget "ModelObjectDemo" */;
			buildPhases = (
				1BC62E151A23E0640032D29C /* Sources */,
				1BC62E161A23E0640032D29C /* Frameworks */,
				1BC62E171A23E0640032D29C /* CopyFiles */,
			);
			buildRules = (
			);
			dependencies = (
			);
			name = ModelObjectDemo;
			productName = MutabilityDemo;
			productReference = 1BC62E191A23E0640032D29C /* libModelObjectDemo.a */;
			productType = "com.apple.product-type.library.static";
		};
		1BC62E231A23E0640032D29C /* ModelObjectDemoTests */ = {
			isa = PBXNativeTarget;
			buildConfigurationList = 1BC62E301A23E0640032D29C /* Build configuration list for PBXNativeTarget "ModelObjectDemoTests" */;
			buildPhases = (
				1BC62E201A23E0640032D29C /* Sources */,
				1BC62E211A23E0640032D29C /* Frameworks */,
				1BC62E221A23E0640032D29C /* Resources */,
			);
			buildRules = (
			);
			dependencies = (
				1BC62E271A23E0640032D29C /* PBXTargetDependency */,
			);
			name = ModelObjectDemoTests;
			productName = MutabilityDemoTests;
			productReference = 1BC62E241A23E0640032D29C /* ModelObjectDemoTests.xctest */;
			productType = "com.apple.product-type.bundle.unit-test";
		};
/* End PBXNativeTarget section */

/* Begin PBXProject section */
		1BC62E111A23E0640032D29C /* Project object */ = {
			isa = PBXProject;
			attributes = {
				LastUpgradeCheck = 0610;
				ORGANIZATIONNAME = "Dan Zinngrabe";
				TargetAttributes = {
					1BC62E181A23E0640032D29C = {
						CreatedOnToolsVersion = 6.1.1;
					};
					1BC62E231A23E0640032D29C = {
						CreatedOnToolsVersion = 6.1.1;
					};
				};
			};
			buildConfigurationList = 1BC62E141A23E0640032D29C /* Build configuration list for PBXProject "ModelObjectDemo" */;
			compatibilityVersion = "Xcode 3.2";
			developmentRegion = English;
			hasScannedForEncodings = 0;
			knownRegions = (
				en,
			);
			mainGroup = 1BC62E101A23E0640032D29C;
			productRefGroup = 1BC62E1A1A23E0640032D29C /* Products */;
			projectDirPath = "";
			projectRoot = "";
			targets = (
				1BC62E181A23E0640032D29C /* ModelObjectDemo */,
				1BC62E231A23E0640032D29C /* ModelObjectDemoTests */,
			);
		};
/* End PBXProject section */

/* Begin PBXResourcesBuildPhase section */
		1BC62E221A23E0640032D29C /* Resources */ = {
			isa = PBXResourcesBuildPhase;
			buildActionMask = 2147483647;
			files = (
			);
			runOnlyForDeploymentPostprocessing = 0;
		};
/* End PBXResourcesBuildPhase section */

/* Begin PBXSourcesBuildPhase section */
		1BC62E151A23E0640032D29C /* Sources */ = {
			isa = PBXSourcesBuildPhase;
			buildActionMask = 2147483647;
			files = (
				1BC62E571A23ED920032D29C /* MDMutablePhotoNSMutableCopying.m in Sources */,
				1B86534A1A24FD9A00F7036D /* MDPhotoNSSecureCoding.m in Sources */,
				1B86534D1A24FDBF00F7036D /* MDMutablePhotoNSSecureCoding.m in Sources */,
				1BC62E381A23E0E00032D29C /* MDPhotoWithBadCopy.m in Sources */,
				1BC62E351A23E07E0032D29C /* MDPhotoNaive.m in Sources */,
				1BC62E441A23E35D0032D29C /* MDPhotoPrivateMutability.m in Sources */,
				1BC62E3F1A23E28D0032D29C /* MDPhotoWithGoodCopy.m in Sources */,
				1BC62E4D1A23E66C0032D29C /* MDPhotoPublicMutability.m in Sources */,
				1BC62E541A23ED740032D29C /* MDPhotoNSCopying.m in Sources */,
			);
			runOnlyForDeploymentPostprocessing = 0;
		};
		1BC62E201A23E0640032D29C /* Sources */ = {
			isa = PBXSourcesBuildPhase;
			buildActionMask = 2147483647;
			files = (
				1B8653521A25018800F7036D /* MDMutablePhotoNSSecureCodingTests.m in Sources */,
				1BC62E411A23E2D00032D29C /* MDPhotoWithGoodCopyTests.m in Sources */,
				1B8653501A24FFBE00F7036D /* MDPhotoNSSecureCodingTests.m in Sources */,
				1BC62E3A1A23E1290032D29C /* MDPhotoBadCopyTests.m in Sources */,
				1BC62E5A1A242FEA0032D29C /* MDPhotoNSCopyingTests.m in Sources */,
				1BC62E501A23E6DD0032D29C /* MDPhotoPublicMutabilityTests.m in Sources */,
				1BC62E5C1A2430180032D29C /* MDMutablePhotoNSCopyingTests.m in Sources */,
				1BC62E3C1A23E1F60032D29C /* MDPhotoNaiveTests.m in Sources */,
				1BC62E4A1A23E45C0032D29C /* MDPhotoPrivateMutabilityTests.m in Sources */,
			);
			runOnlyForDeploymentPostprocessing = 0;
		};
/* End PBXSourcesBuildPhase section */

/* Begin PBXTargetDependency section */
		1BC62E271A23E0640032D29C /* PBXTargetDependency */ = {
			isa = PBXTargetDependency;
			target = 1BC62E181A23E0640032D29C /* ModelObjectDemo */;
			targetProxy = 1BC62E261A23E0640032D29C /* PBXContainerItemProxy */;
		};
/* End PBXTargetDependency section */

/* Begin XCBuildConfiguration section */
		1BC62E2B1A23E0640032D29C /* Debug */ = {
			isa = XCBuildConfiguration;
			buildSettings = {
				ALWAYS_SEARCH_USER_PATHS = NO;
				CLANG_CXX_LANGUAGE_STANDARD = "gnu++0x";
				CLANG_CXX_LIBRARY = "libc++";
				CLANG_ENABLE_MODULES = YES;
				CLANG_ENABLE_OBJC_ARC = YES;
				CLANG_WARN_BOOL_CONVERSION = YES;
				CLANG_WARN_CONSTANT_CONVERSION = YES;
				CLANG_WARN_DIRECT_OBJC_ISA_USAGE = YES_ERROR;
				CLANG_WARN_EMPTY_BODY = YES;
				CLANG_WARN_ENUM_CONVERSION = YES;
				CLANG_WARN_INT_CONVERSION = YES;
				CLANG_WARN_OBJC_ROOT_CLASS = YES_ERROR;
				CLANG_WARN_UNREACHABLE_CODE = YES;
				CLANG_WARN__DUPLICATE_METHOD_MATCH = YES;
				COPY_PHASE_STRIP = NO;
				ENABLE_STRICT_OBJC_MSGSEND = YES;
				GCC_C_LANGUAGE_STANDARD = gnu99;
				GCC_DYNAMIC_NO_PIC = NO;
				GCC_OPTIMIZATION_LEVEL = 0;
				GCC_PREPROCESSOR_DEFINITIONS = (
					"DEBUG=1",
					"$(inherited)",
				);
				GCC_SYMBOLS_PRIVATE_EXTERN = NO;
				GCC_WARN_64_TO_32_BIT_CONVERSION = YES;
				GCC_WARN_ABOUT_RETURN_TYPE = YES_ERROR;
				GCC_WARN_UNDECLARED_SELECTOR = YES;
				GCC_WARN_UNINITIALIZED_AUTOS = YES_AGGRESSIVE;
				GCC_WARN_UNUSED_FUNCTION = YES;
				GCC_WARN_UNUSED_VARIABLE = YES;
				IPHONEOS_DEPLOYMENT_TARGET = 8.1;
				MTL_ENABLE_DEBUG_INFO = YES;
				ONLY_ACTIVE_ARCH = YES;
				OTHER_LDFLAGS = "-all_load";
				SDKROOT = iphoneos;
			};
			name = Debug;
		};
		1BC62E2C1A23E0640032D29C /* Release */ = {
			isa = XCBuildConfiguration;
			buildSettings = {
				ALWAYS_SEARCH_USER_PATHS = NO;
				CLANG_CXX_LANGUAGE_STANDARD = "gnu++0x";
				CLANG_CXX_LIBRARY = "libc++";
				CLANG_ENABLE_MODULES = YES;
				CLANG_ENABLE_OBJC_ARC = YES;
				CLANG_WARN_BOOL_CONVERSION = YES;
				CLANG_WARN_CONSTANT_CONVERSION = YES;
				CLANG_WARN_DIRECT_OBJC_ISA_USAGE = YES_ERROR;
				CLANG_WARN_EMPTY_BODY = YES;
				CLANG_WARN_ENUM_CONVERSION = YES;
				CLANG_WARN_INT_CONVERSION = YES;
				CLANG_WARN_OBJC_ROOT_CLASS = YES_ERROR;
				CLANG_WARN_UNREACHABLE_CODE = YES;
				CLANG_WARN__DUPLICATE_METHOD_MATCH = YES;
				COPY_PHASE_STRIP = YES;
				ENABLE_NS_ASSERTIONS = NO;
				ENABLE_STRICT_OBJC_MSGSEND = YES;
				GCC_C_LANGUAGE_STANDARD = gnu99;
				GCC_WARN_64_TO_32_BIT_CONVERSION = YES;
				GCC_WARN_ABOUT_RETURN_TYPE = YES_ERROR;
				GCC_WARN_UNDECLARED_SELECTOR = YES;
				GCC_WARN_UNINITIALIZED_AUTOS = YES_AGGRESSIVE;
				GCC_WARN_UNUSED_FUNCTION = YES;
				GCC_WARN_UNUSED_VARIABLE = YES;
				IPHONEOS_DEPLOYMENT_TARGET = 8.1;
				MTL_ENABLE_DEBUG_INFO = NO;
				OTHER_LDFLAGS = "-all_load";
				SDKROOT = iphoneos;
				VALIDATE_PRODUCT = YES;
			};
			name = Release;
		};
		1BC62E2E1A23E0640032D29C /* Debug */ = {
			isa = XCBuildConfiguration;
			buildSettings = {
				OTHER_LDFLAGS = "-ObjC";
				PRODUCT_NAME = ModelObjectDemo;
				SKIP_INSTALL = YES;
			};
			name = Debug;
		};
		1BC62E2F1A23E0640032D29C /* Release */ = {
			isa = XCBuildConfiguration;
			buildSettings = {
				OTHER_LDFLAGS = "-ObjC";
				PRODUCT_NAME = ModelObjectDemo;
				SKIP_INSTALL = YES;
			};
			name = Release;
		};
		1BC62E311A23E0640032D29C /* Debug */ = {
			isa = XCBuildConfiguration;
			buildSettings = {
				FRAMEWORK_SEARCH_PATHS = (
					"$(SDKROOT)/Developer/Library/Frameworks",
					"$(inherited)",
				);
				GCC_PREPROCESSOR_DEFINITIONS = (
					"DEBUG=1",
					"$(inherited)",
				);
				INFOPLIST_FILE = MutabilityDemoTests/Info.plist;
				LD_RUNPATH_SEARCH_PATHS = "$(inherited) @executable_path/Frameworks @loader_path/Frameworks";
				PRODUCT_NAME = ModelObjectDemoTests;
			};
			name = Debug;
		};
		1BC62E321A23E0640032D29C /* Release */ = {
			isa = XCBuildConfiguration;
			buildSettings = {
				FRAMEWORK_SEARCH_PATHS = (
					"$(SDKROOT)/Developer/Library/Frameworks",
					"$(inherited)",
				);
				INFOPLIST_FILE = MutabilityDemoTests/Info.plist;
				LD_RUNPATH_SEARCH_PATHS = "$(inherited) @executable_path/Frameworks @loader_path/Frameworks";
				PRODUCT_NAME = ModelObjectDemoTests;
			};
			name = Release;
		};
/* End XCBuildConfiguration section */

/* Begin XCConfigurationList section */
		1BC62E141A23E0640032D29C /* Build configuration list for PBXProject "ModelObjectDemo" */ = {
			isa = XCConfigurationList;
			buildConfigurations = (
				1BC62E2B1A23E0640032D29C /* Debug */,
				1BC62E2C1A23E0640032D29C /* Release */,
			);
			defaultConfigurationIsVisible = 0;
			defaultConfigurationName = Release;
		};
		1BC62E2D1A23E0640032D29C /* Build configuration list for PBXNativeTarget "ModelObjectDemo" */ = {
			isa = XCConfigurationList;
			buildConfigurations = (
				1BC62E2E1A23E0640032D29C /* Debug */,
				1BC62E2F1A23E0640032D29C /* Release */,
			);
			defaultConfigurationIsVisible = 0;
			defaultConfigurationName = Release;
		};
		1BC62E301A23E0640032D29C /* Build configuration list for PBXNativeTarget "ModelObjectDemoTests" */ = {
			isa = XCConfigurationList;
			buildConfigurations = (
				1BC62E311A23E0640032D29C /* Debug */,
				1BC62E321A23E0640032D29C /* Release */,
			);
			defaultConfigurationIsVisible = 0;
			defaultConfigurationName = Release;
		};
/* End XCConfigurationList section */
	};
	rootObject = 1BC62E111A23E0640032D29C /* Project object */;
}
